
Microsoft Visual Studio Solution File, Format Version 12.00
# Visual Studio Version 16
VisualStudioVersion = 16.0.31205.134
MinimumVisualStudioVersion = 10.0.40219.1
Project("{FAE04EC0-301F-11D3-BF4B-00C04F79EFBC}") = "ToDoListAPI", "ToDoListAPI\ToDoListAPI.csproj", "{A7618954-106C-48C4-989D-319E17D9675C}"
EndProject
Global
	GlobalSection(SolutionConfigurationPlatforms) = preSolution
		Debug|Any CPU = Debug|Any CPU
		Release|Any CPU = Release|Any CPU
	EndGlobalSection
	GlobalSection(ProjectConfigurationPlatforms) = postSolution
		{A7618954-106C-48C4-989D-319E17D9675C}.Debug|Any CPU.ActiveCfg = Debug|Any CPU
		{A7618954-106C-48C4-989D-319E17D9675C}.Debug|Any CPU.Build.0 = Debug|Any CPU
		{A7618954-106C-48C4-989D-319E17D9675C}.Release|Any CPU.ActiveCfg = Release|Any CPU
		{A7618954-106C-48C4-989D-319E17D9675C}.Release|Any CPU.Build.0 = Release|Any CPU
	EndGlobalSection
	GlobalSection(SolutionProperties) = preSolution
		HideSolutionNode = FALSE
	EndGlobalSection
	GlobalSection(ExtensibilityGlobals) = postSolution
		SolutionGuid = {5DFDC6CF-D2B2-4904-A5F8-72422A41FF2B}
	EndGlobalSection
EndGlobal
